// !$*UTF8*$!
{
	archiveVersion = 1;
	classes = {
	};
	objectVersion = 46;
	objects = {

/* Begin PBXBuildFile section */
		BFA485DA1E31BE6400B353C0 /* AppDelegate.swift in Sources */ = {isa = PBXBuildFile; fileRef = BFA485D91E31BE6400B353C0 /* AppDelegate.swift */; };
		BFA485DC1E31BE6400B353C0 /* ViewController.swift in Sources */ = {isa = PBXBuildFile; fileRef = BFA485DB1E31BE6400B353C0 /* ViewController.swift */; };
		BFA485DF1E31BE6400B353C0 /* Main.storyboard in Resources */ = {isa = PBXBuildFile; fileRef = BFA485DD1E31BE6400B353C0 /* Main.storyboard */; };
		BFA485E11E31BE6400B353C0 /* Assets.xcassets in Resources */ = {isa = PBXBuildFile; fileRef = BFA485E01E31BE6400B353C0 /* Assets.xcassets */; };
		BFA485E41E31BE6400B353C0 /* LaunchScreen.storyboard in Resources */ = {isa = PBXBuildFile; fileRef = BFA485E21E31BE6400B353C0 /* LaunchScreen.storyboard */; };
/* End PBXBuildFile section */

/* Begin PBXFileReference section */
		BFA485D61E31BE6400B353C0 /* c o l o r m i x.app */ = {isa = PBXFileReference; explicitFileType = wrapper.application; includeInIndex = 0; path = "c o l o r m i x.app"; sourceTree = BUILT_PRODUCTS_DIR; };
		BFA485D91E31BE6400B353C0 /* AppDelegate.swift */ = {isa = PBXFileReference; lastKnownFileType = sourcecode.swift; path = AppDelegate.swift; sourceTree = "<group>"; };
		BFA485DB1E31BE6400B353C0 /* ViewController.swift */ = {isa = PBXFileReference; lastKnownFileType = sourcecode.swift; path = ViewController.swift; sourceTree = "<group>"; };
		BFA485DE1E31BE6400B353C0 /* Base */ = {isa = PBXFileReference; lastKnownFileType = file.storyboard; name = Base; path = Base.lproj/Main.storyboard; sourceTree = "<group>"; };
		BFA485E01E31BE6400B353C0 /* Assets.xcassets */ = {isa = PBXFileReference; lastKnownFileType = folder.assetcatalog; path = Assets.xcassets; sourceTree = "<group>"; };
		BFA485E31E31BE6400B353C0 /* Base */ = {isa = PBXFileReference; lastKnownFileType = file.storyboard; name = Base; path = Base.lproj/LaunchScreen.storyboard; sourceTree = "<group>"; };
		BFA485E51E31BE6400B353C0 /* Info.plist */ = {isa = PBXFileReference; lastKnownFileType = text.plist.xml; path = Info.plist; sourceTree = "<group>"; };
/* End PBXFileReference section */

/* Begin PBXFrameworksBuildPhase section */
		BFA485D31E31BE6400B353C0 /* Frameworks */ = {
			isa = PBXFrameworksBuildPhase;
			buildActionMask = 2147483647;
			files = (
			);
			runOnlyForDeploymentPostprocessing = 0;
		};
/* End PBXFrameworksBuildPhase section */

/* Begin PBXGroup section */
		BFA485CD1E31BE6400B353C0 = {
			isa = PBXGroup;
			children = (
				BFA485D81E31BE6400B353C0 /* c o l o r m i x */,
				BFA485D71E31BE6400B353C0 /* Products */,
			);
			sourceTree = "<group>";
		};
		BFA485D71E31BE6400B353C0 /* Products */ = {
			isa = PBXGroup;
			children = (
				BFA485D61E31BE6400B353C0 /* c o l o r m i x.app */,
			);
			name = Products;
			sourceTree = "<group>";
		};
		BFA485D81E31BE6400B353C0 /* c o l o r m i x */ = {
			isa = PBXGroup;
			children = (
				BFA485D91E31BE6400B353C0 /* AppDelegate.swift */,
				BFA485DB1E31BE6400B353C0 /* ViewController.swift */,
				BFA485DD1E31BE6400B353C0 /* Main.storyboard */,
				BFA485E01E31BE6400B353C0 /* Assets.xcassets */,
				BFA485E21E31BE6400B353C0 /* LaunchScreen.storyboard */,
				BFA485E51E31BE6400B353C0 /* Info.plist */,
			);
			path = "c o l o r m i x";
			sourceTree = "<group>";
		};
/* End PBXGroup section */

/* Begin PBXNativeTarget section */
		BFA485D51E31BE6400B353C0 /* c o l o r m i x */ = {
			isa = PBXNativeTarget;
			buildConfigurationList = BFA485E81E31BE6400B353C0 /* Build configuration list for PBXNativeTarget "c o l o r m i x" */;
			buildPhases = (
				BFA485D21E31BE6400B353C0 /* Sources */,
				BFA485D31E31BE6400B353C0 /* Frameworks */,
				BFA485D41E31BE6400B353C0 /* Resources */,
			);
			buildRules = (
			);
			dependencies = (
			);
			name = "c o l o r m i x";
			productName = "c o l o r m i x";
			productReference = BFA485D61E31BE6400B353C0 /* c o l o r m i x.app */;
			productType = "com.apple.product-type.application";
		};
/* End PBXNativeTarget section */

/* Begin PBXProject section */
		BFA485CE1E31BE6400B353C0 /* Project object */ = {
			isa = PBXProject;
			attributes = {
				LastSwiftUpdateCheck = 0820;
				LastUpgradeCheck = 0820;
				ORGANIZATIONNAME = "♡ ava jane ♡";
				TargetAttributes = {
					BFA485D51E31BE6400B353C0 = {
						CreatedOnToolsVersion = 8.2.1;
						ProvisioningStyle = Automatic;
					};
				};
			};
			buildConfigurationList = BFA485D11E31BE6400B353C0 /* Build configuration list for PBXProject "c o l o r m i x" */;
			compatibilityVersion = "Xcode 3.2";
			developmentRegion = English;
			hasScannedForEncodings = 0;
			knownRegions = (
				en,
				Base,
			);
			mainGroup = BFA485CD1E31BE6400B353C0;
			productRefGroup = BFA485D71E31BE6400B353C0 /* Products */;
			projectDirPath = "";
			projectRoot = "";
			targets = (
				BFA485D51E31BE6400B353C0 /* c o l o r m i x */,
			);
		};
/* End PBXProject section */

/* Begin PBXResourcesBuildPhase section */
		BFA485D41E31BE6400B353C0 /* Resources */ = {
			isa = PBXResourcesBuildPhase;
			buildActionMask = 2147483647;
			files = (
				BFA485E41E31BE6400B353C0 /* LaunchScreen.storyboard in Resources */,
				BFA485E11E31BE6400B353C0 /* Assets.xcassets in Resources */,
				BFA485DF1E31BE6400B353C0 /* Main.storyboard in Resources */,
			);
			runOnlyForDeploymentPostprocessing = 0;
		};
/* End PBXResourcesBuildPhase section */

/* Begin PBXSourcesBuildPhase section */
		BFA485D21E31BE6400B353C0 /* Sources */ = {
			isa = PBXSourcesBuildPhase;
			buildActionMask = 2147483647;
			files = (
				BFA485DC1E31BE6400B353C0 /* ViewController.swift in Sources */,
				BFA485DA1E31BE6400B353C0 /* AppDelegate.swift in Sources */,
			);
			runOnlyForDeploymentPostprocessing = 0;
		};
/* End PBXSourcesBuildPhase section */

/* Begin PBXVariantGroup section */
		BFA485DD1E31BE6400B353C0 /* Main.storyboard */ = {
			isa = PBXVariantGroup;
			children = (
				BFA485DE1E31BE6400B353C0 /* Base */,
			);
			name = Main.storyboard;
			sourceTree = "<group>";
		};
		BFA485E21E31BE6400B353C0 /* LaunchScreen.storyboard */ = {
			isa = PBXVariantGroup;
			children = (
				BFA485E31E31BE6400B353C0 /* Base */,
			);
			name = LaunchScreen.storyboard;
			sourceTree = "<group>";
		};
/* End PBXVariantGroup section */

/* Begin XCBuildConfiguration section */
		BFA485E61E31BE6400B353C0 /* Debug */ = {
			isa = XCBuildConfiguration;
			buildSettings = {
				ALWAYS_SEARCH_USER_PATHS = NO;
				CLANG_ANALYZER_NONNULL = YES;
				CLANG_CXX_LANGUAGE_STANDARD = "gnu++0x";
				CLANG_CXX_LIBRARY = "libc++";
				CLANG_ENABLE_MODULES = YES;
				CLANG_ENABLE_OBJC_ARC = YES;
				CLANG_WARN_BOOL_CONVERSION = YES;
				CLANG_WARN_CONSTANT_CONVERSION = YES;
				CLANG_WARN_DIRECT_OBJC_ISA_USAGE = YES_ERROR;
				CLANG_WARN_DOCUMENTATION_COMMENTS = YES;
				CLANG_WARN_EMPTY_BODY = YES;
				CLANG_WARN_ENUM_CONVERSION = YES;
				CLANG_WARN_INFINITE_RECURSION = YES;
				CLANG_WARN_INT_CONVERSION = YES;
				CLANG_WARN_OBJC_ROOT_CLASS = YES_ERROR;
				CLANG_WARN_SUSPICIOUS_MOVE = YES;
				CLANG_WARN_UNREACHABLE_CODE = YES;
				CLANG_WARN__DUPLICATE_METHOD_MATCH = YES;
				"CODE_SIGN_IDENTITY[sdk=iphoneos*]" = "iPhone Developer";
				COPY_PHASE_STRIP = NO;
				DEBUG_INFORMATION_FORMAT = dwarf;
				ENABLE_STRICT_OBJC_MSGSEND = YES;
				ENABLE_TESTABILITY = YES;
				GCC_C_LANGUAGE_STANDARD = gnu99;
				GCC_DYNAMIC_NO_PIC = NO;
				GCC_NO_COMMON_BLOCKS = YES;
				GCC_OPTIMIZATION_LEVEL = 0;
				GCC_PREPROCESSOR_DEFINITIONS = (
					"DEBUG=1",
					"$(inherited)",
				);
				GCC_WARN_64_TO_32_BIT_CONVERSION = YES;
				GCC_WARN_ABOUT_RETURN_TYPE = YES_ERROR;
				GCC_WARN_UNDECLARED_SELECTOR = YES;
				GCC_WARN_UNINITIALIZED_AUTOS = YES_AGGRESSIVE;
				GCC_WARN_UNUSED_FUNCTION = YES;
				GCC_WARN_UNUSED_VARIABLE = YES;
				IPHONEOS_DEPLOYMENT_TARGET = 10.2;
				MTL_ENABLE_DEBUG_INFO = YES;
				ONLY_ACTIVE_ARCH = YES;
				SDKROOT = iphoneos;
				SWIFT_ACTIVE_COMPILATION_CONDITIONS = DEBUG;
				SWIFT_OPTIMIZATION_LEVEL = "-Onone";
			};
			name = Debug;
		};
		BFA485E71E31BE6400B353C0 /* Release */ = {
			isa = XCBuildConfiguration;
			buildSettings = {
				ALWAYS_SEARCH_USER_PATHS = NO;
				CLANG_ANALYZER_NONNULL = YES;
				CLANG_CXX_LANGUAGE_STANDARD = "gnu++0x";
				CLANG_CXX_LIBRARY = "libc++";
				CLANG_ENABLE_MODULES = YES;
				CLANG_ENABLE_OBJC_ARC = YES;
				CLANG_WARN_BOOL_CONVERSION = YES;
				CLANG_WARN_CONSTANT_CONVERSION = YES;
				CLANG_WARN_DIRECT_OBJC_ISA_USAGE = YES_ERROR;
				CLANG_WARN_DOCUMENTATION_COMMENTS = YES;
				CLANG_WARN_EMPTY_BODY = YES;
				CLANG_WARN_ENUM_CONVERSION = YES;
				CLANG_WARN_INFINITE_RECURSION = YES;
				CLANG_WARN_INT_CONVERSION = YES;
				CLANG_WARN_OBJC_ROOT_CLASS = YES_ERROR;
				CLANG_WARN_SUSPICIOUS_MOVE = YES;
				CLANG_WARN_UNREACHABLE_CODE = YES;
				CLANG_WARN__DUPLICATE_METHOD_MATCH = YES;
				"CODE_SIGN_IDENTITY[sdk=iphoneos*]" = "iPhone Developer";
				COPY_PHASE_STRIP = NO;
				DEBUG_INFORMATION_FORMAT = "dwarf-with-dsym";
				ENABLE_NS_ASSERTIONS = NO;
				ENABLE_STRICT_OBJC_MSGSEND = YES;
				GCC_C_LANGUAGE_STANDARD = gnu99;
				GCC_NO_COMMON_BLOCKS = YES;
				GCC_WARN_64_TO_32_BIT_CONVERSION = YES;
				GCC_WARN_ABOUT_RETURN_TYPE = YES_ERROR;
				GCC_WARN_UNDECLARED_SELECTOR = YES;
				GCC_WARN_UNINITIALIZED_AUTOS = YES_AGGRESSIVE;
				GCC_WARN_UNUSED_FUNCTION = YES;
				GCC_WARN_UNUSED_VARIABLE = YES;
				IPHONEOS_DEPLOYMENT_TARGET = 10.2;
				MTL_ENABLE_DEBUG_INFO = NO;
				SDKROOT = iphoneos;
				SWIFT_OPTIMIZATION_LEVEL = "-Owholemodule";
				VALIDATE_PRODUCT = YES;
			};
			name = Release;
		};
		BFA485E91E31BE6400B353C0 /* Debug */ = {
			isa = XCBuildConfiguration;
			buildSettings = {
				ASSETCATALOG_COMPILER_APPICON_NAME = AppIcon;
				INFOPLIST_FILE = "c o l o r m i x/Info.plist";
				LD_RUNPATH_SEARCH_PATHS = "$(inherited) @executable_path/Frameworks";
				PRODUCT_BUNDLE_IDENTIFIER = "com.example.c-o-l-o-r-m-i-x";
				PRODUCT_NAME = "$(TARGET_NAME)";
				SWIFT_VERSION = 3.0;
			};
			name = Debug;
		};
		BFA485EA1E31BE6400B353C0 /* Release */ = {
			isa = XCBuildConfiguration;
			buildSettings = {
				ASSETCATALOG_COMPILER_APPICON_NAME = AppIcon;
				INFOPLIST_FILE = "c o l o r m i x/Info.plist";
				LD_RUNPATH_SEARCH_PATHS = "$(inherited) @executable_path/Frameworks";
				PRODUCT_BUNDLE_IDENTIFIER = "com.example.c-o-l-o-r-m-i-x";
				PRODUCT_NAME = "$(TARGET_NAME)";
				SWIFT_VERSION = 3.0;
			};
			name = Release;
		};
/* End XCBuildConfiguration section */

/* Begin XCConfigurationList section */
		BFA485D11E31BE6400B353C0 /* Build configuration list for PBXProject "c o l o r m i x" */ = {
			isa = XCConfigurationList;
			buildConfigurations = (
				BFA485E61E31BE6400B353C0 /* Debug */,
				BFA485E71E31BE6400B353C0 /* Release */,
			);
			defaultConfigurationIsVisible = 0;
			defaultConfigurationName = Release;
		};
		BFA485E81E31BE6400B353C0 /* Build configuration list for PBXNativeTarget "c o l o r m i x" */ = {
			isa = XCConfigurationList;
			buildConfigurations = (
				BFA485E91E31BE6400B353C0 /* Debug */,
				BFA485EA1E31BE6400B353C0 /* Release */,
			);
			defaultConfigurationIsVisible = 0;
		};
/* End XCConfigurationList section */
	};
	rootObject = BFA485CE1E31BE6400B353C0 /* Project object */;
}
